
Microsoft Visual Studio Solution File, Format Version 12.00
# Visual Studio 15
VisualStudioVersion = 15.0.28307.421
MinimumVisualStudioVersion = 10.0.40219.1
Project("{FAE04EC0-301F-11D3-BF4B-00C04F79EFBC}") = "MyFirstMethod", "MyFirstMethod\MyFirstMethod.csproj", "{1E07E104-3477-4E92-828F-A194E592B4CA}"
EndProject
Global
	GlobalSection(SolutionConfigurationPlatforms) = preSolution
		Debug|Any CPU = Debug|Any CPU
		Release|Any CPU = Release|Any CPU
	EndGlobalSection
	GlobalSection(ProjectConfigurationPlatforms) = postSolution
		{1E07E104-3477-4E92-828F-A194E592B4CA}.Debug|Any CPU.ActiveCfg = Debug|Any CPU
		{1E07E104-3477-4E92-828F-A194E592B4CA}.Debug|Any CPU.Build.0 = Debug|Any CPU
		{1E07E104-3477-4E92-828F-A194E592B4CA}.Release|Any CPU.ActiveCfg = Release|Any CPU
		{1E07E104-3477-4E92-828F-A194E592B4CA}.Release|Any CPU.Build.0 = Release|Any CPU
	EndGlobalSection
	GlobalSection(SolutionProperties) = preSolution
		HideSolutionNode = FALSE
	EndGlobalSection
	GlobalSection(ExtensibilityGlobals) = postSolution
		SolutionGuid = {2D50C92D-7D8E-4BA8-A120-D7F8A1444D21}
	EndGlobalSection
EndGlobal
